
Microsoft Visual Studio Solution File, Format Version 12.00
# Visual Studio Version 16
VisualStudioVersion = 16.0.30717.126
MinimumVisualStudioVersion = 10.0.40219.1
Project("{FAE04EC0-301F-11D3-BF4B-00C04F79EFBC}") = "Teal Way RPG", "Teal Way RPG\Teal Way RPG.csproj", "{12A56992-EF3A-4AFD-B221-7A91BD6AF3B0}"
EndProject
Global
	GlobalSection(SolutionConfigurationPlatforms) = preSolution
		Debug|Any CPU = Debug|Any CPU
		Release|Any CPU = Release|Any CPU
	EndGlobalSection
	GlobalSection(ProjectConfigurationPlatforms) = postSolution
		{12A56992-EF3A-4AFD-B221-7A91BD6AF3B0}.Debug|Any CPU.ActiveCfg = Debug|Any CPU
		{12A56992-EF3A-4AFD-B221-7A91BD6AF3B0}.Debug|Any CPU.Build.0 = Debug|Any CPU
		{12A56992-EF3A-4AFD-B221-7A91BD6AF3B0}.Release|Any CPU.ActiveCfg = Release|Any CPU
		{12A56992-EF3A-4AFD-B221-7A91BD6AF3B0}.Release|Any CPU.Build.0 = Release|Any CPU
	EndGlobalSection
	GlobalSection(SolutionProperties) = preSolution
		HideSolutionNode = FALSE
	EndGlobalSection
	GlobalSection(ExtensibilityGlobals) = postSolution
		SolutionGuid = {F388F98B-87E2-4AC8-A755-5C7DBC738CC2}
	EndGlobalSection
EndGlobal
